
Microsoft Visual Studio Solution File, Format Version 12.00
# Visual Studio Version 17
VisualStudioVersion = 17.8.34330.188
MinimumVisualStudioVersion = 10.0.40219.1
Project("{9A19103F-16F7-4668-BE54-9A1E7A4F7556}") = "TalentoTrack.API", "TalentoTrack_API\TalentoTrack.API.csproj", "{606FE5DE-5FED-4D6E-82B6-D7593FC986B4}"
EndProject
Project("{FAE04EC0-301F-11D3-BF4B-00C04F79EFBC}") = "TalentoTrack.Common", "TalentoTrack.Common\TalentoTrack.Common.csproj", "{8488A1FC-A609-423C-802E-813B7A77E2AB}"
EndProject
Project("{FAE04EC0-301F-11D3-BF4B-00C04F79EFBC}") = "TalentoTrack.Service", "TalentoTrack.Service\TalentoTrack.Service.csproj", "{B87B25BD-FFD8-48A5-9FCE-5315240B0D46}"
EndProject
Project("{FAE04EC0-301F-11D3-BF4B-00C04F79EFBC}") = "TalentoTrack.Dao", "TalentoTrack.Dao\TalentoTrack.Dao.csproj", "{038CC0CE-3C69-4AD8-9A3E-D542A2FC2721}"
EndProject
Global
	GlobalSection(SolutionConfigurationPlatforms) = preSolution
		Debug|Any CPU = Debug|Any CPU
		Release|Any CPU = Release|Any CPU
	EndGlobalSection
	GlobalSection(ProjectConfigurationPlatforms) = postSolution
		{606FE5DE-5FED-4D6E-82B6-D7593FC986B4}.Debug|Any CPU.ActiveCfg = Debug|Any CPU
		{606FE5DE-5FED-4D6E-82B6-D7593FC986B4}.Debug|Any CPU.Build.0 = Debug|Any CPU
		{606FE5DE-5FED-4D6E-82B6-D7593FC986B4}.Release|Any CPU.ActiveCfg = Release|Any CPU
		{606FE5DE-5FED-4D6E-82B6-D7593FC986B4}.Release|Any CPU.Build.0 = Release|Any CPU
		{8488A1FC-A609-423C-802E-813B7A77E2AB}.Debug|Any CPU.ActiveCfg = Debug|Any CPU
		{8488A1FC-A609-423C-802E-813B7A77E2AB}.Debug|Any CPU.Build.0 = Debug|Any CPU
		{8488A1FC-A609-423C-802E-813B7A77E2AB}.Release|Any CPU.ActiveCfg = Release|Any CPU
		{8488A1FC-A609-423C-802E-813B7A77E2AB}.Release|Any CPU.Build.0 = Release|Any CPU
		{B87B25BD-FFD8-48A5-9FCE-5315240B0D46}.Debug|Any CPU.ActiveCfg = Debug|Any CPU
		{B87B25BD-FFD8-48A5-9FCE-5315240B0D46}.Debug|Any CPU.Build.0 = Debug|Any CPU
		{B87B25BD-FFD8-48A5-9FCE-5315240B0D46}.Release|Any CPU.ActiveCfg = Release|Any CPU
		{B87B25BD-FFD8-48A5-9FCE-5315240B0D46}.Release|Any CPU.Build.0 = Release|Any CPU
		{038CC0CE-3C69-4AD8-9A3E-D542A2FC2721}.Debug|Any CPU.ActiveCfg = Debug|Any CPU
		{038CC0CE-3C69-4AD8-9A3E-D542A2FC2721}.Debug|Any CPU.Build.0 = Debug|Any CPU
		{038CC0CE-3C69-4AD8-9A3E-D542A2FC2721}.Release|Any CPU.ActiveCfg = Release|Any CPU
		{038CC0CE-3C69-4AD8-9A3E-D542A2FC2721}.Release|Any CPU.Build.0 = Release|Any CPU
	EndGlobalSection
	GlobalSection(SolutionProperties) = preSolution
		HideSolutionNode = FALSE
	EndGlobalSection
	GlobalSection(ExtensibilityGlobals) = postSolution
		SolutionGuid = {D9462060-AEAF-404A-A232-9571ADC4CFE2}
	EndGlobalSection
EndGlobal
